
Microsoft Visual Studio Solution File, Format Version 12.00
# Visual Studio Version 17
VisualStudioVersion = 17.3.32922.545
MinimumVisualStudioVersion = 10.0.40219.1
Project("{9A19103F-16F7-4668-BE54-9A1E7A4F7556}") = "Assignment 1.4 REST", "Assignment 1.4 REST\Assignment 1.4 REST.csproj", "{63B63C10-1875-4001-9F55-5F3FA45B714F}"
EndProject
Project("{FAE04EC0-301F-11D3-BF4B-00C04F79EFBC}") = "UnitTest", "UnitTest\UnitTest.csproj", "{F3548F9A-0A56-4EE3-ACA7-7E8DE415FD6C}"
EndProject
Global
	GlobalSection(SolutionConfigurationPlatforms) = preSolution
		Debug|Any CPU = Debug|Any CPU
		Release|Any CPU = Release|Any CPU
	EndGlobalSection
	GlobalSection(ProjectConfigurationPlatforms) = postSolution
		{63B63C10-1875-4001-9F55-5F3FA45B714F}.Debug|Any CPU.ActiveCfg = Debug|Any CPU
		{63B63C10-1875-4001-9F55-5F3FA45B714F}.Debug|Any CPU.Build.0 = Debug|Any CPU
		{63B63C10-1875-4001-9F55-5F3FA45B714F}.Release|Any CPU.ActiveCfg = Release|Any CPU
		{63B63C10-1875-4001-9F55-5F3FA45B714F}.Release|Any CPU.Build.0 = Release|Any CPU
		{F3548F9A-0A56-4EE3-ACA7-7E8DE415FD6C}.Debug|Any CPU.ActiveCfg = Debug|Any CPU
		{F3548F9A-0A56-4EE3-ACA7-7E8DE415FD6C}.Debug|Any CPU.Build.0 = Debug|Any CPU
		{F3548F9A-0A56-4EE3-ACA7-7E8DE415FD6C}.Release|Any CPU.ActiveCfg = Release|Any CPU
		{F3548F9A-0A56-4EE3-ACA7-7E8DE415FD6C}.Release|Any CPU.Build.0 = Release|Any CPU
	EndGlobalSection
	GlobalSection(SolutionProperties) = preSolution
		HideSolutionNode = FALSE
	EndGlobalSection
	GlobalSection(ExtensibilityGlobals) = postSolution
		SolutionGuid = {2678D987-8D96-4638-B8E5-6DFE55259758}
	EndGlobalSection
EndGlobal
